{
    "version": 3,
    "terraform_version": "0.11.11",
    "serial": 24,
    "lineage": "f3c05212-01e4-9c99-2c0c-eeb0b78cf6b3",
    "modules": [
        {
            "path": [
                "root"
            ],
            "outputs": {},
            "resources": {
                "azurerm_network_interface.myterraformnic": {
                    "type": "azurerm_network_interface",
                    "depends_on": [
                        "azurerm_network_security_group.myterraformnsg",
                        "azurerm_public_ip.myterraformpublicip",
                        "azurerm_subnet.myterraformsubnet",
                        "data.azurerm_resource_group.resource_group"
                    ],
                    "primary": {
                        "id": "/subscriptions/21f3fa11-32e9-4554-947b-16de1f6e1f77/resourceGroups/thesisGroup/providers/Microsoft.Network/networkInterfaces/myNIC",
                        "attributes": {
                            "applied_dns_servers.#": "0",
                            "dns_servers.#": "0",
                            "enable_accelerated_networking": "false",
                            "enable_ip_forwarding": "false",
                            "id": "/subscriptions/21f3fa11-32e9-4554-947b-16de1f6e1f77/resourceGroups/thesisGroup/providers/Microsoft.Network/networkInterfaces/myNIC",
                            "internal_dns_name_label": "",
                            "internal_fqdn": "",
                            "ip_configuration.#": "1",
                            "ip_configuration.0.application_gateway_backend_address_pools_ids.#": "0",
                            "ip_configuration.0.application_security_group_ids.#": "0",
                            "ip_configuration.0.load_balancer_backend_address_pools_ids.#": "0",
                            "ip_configuration.0.load_balancer_inbound_nat_rules_ids.#": "0",
                            "ip_configuration.0.name": "myNicConfiguration",
                            "ip_configuration.0.primary": "true",
                            "ip_configuration.0.private_ip_address": "",
                            "ip_configuration.0.private_ip_address_allocation": "dynamic",
                            "ip_configuration.0.private_ip_address_version": "IPv4",
                            "ip_configuration.0.public_ip_address_id": "/subscriptions/21f3fa11-32e9-4554-947b-16de1f6e1f77/resourceGroups/thesisGroup/providers/Microsoft.Network/publicIPAddresses/myPublicIP",
                            "ip_configuration.0.subnet_id": "/subscriptions/21f3fa11-32e9-4554-947b-16de1f6e1f77/resourceGroups/thesisGroup/providers/Microsoft.Network/virtualNetworks/myVnet/subnets/mySubnet",
                            "location": "northeurope",
                            "mac_address": "",
                            "name": "myNIC",
                            "network_security_group_id": "/subscriptions/21f3fa11-32e9-4554-947b-16de1f6e1f77/resourceGroups/thesisGroup/providers/Microsoft.Network/networkSecurityGroups/myNetworkSecurityGroup",
                            "private_ip_address": "10.0.1.4",
                            "private_ip_addresses.#": "1",
                            "private_ip_addresses.0": "10.0.1.4",
                            "resource_group_name": "thesisGroup",
                            "tags.%": "1",
                            "tags.environment": "Terraform Demo"
                        },
                        "meta": {},
                        "tainted": false
                    },
                    "deposed": [],
                    "provider": "provider.azurerm"
                },
                "azurerm_network_security_group.myterraformnsg": {
                    "type": "azurerm_network_security_group",
                    "depends_on": [
                        "data.azurerm_resource_group.resource_group"
                    ],
                    "primary": {
                        "id": "/subscriptions/21f3fa11-32e9-4554-947b-16de1f6e1f77/resourceGroups/thesisGroup/providers/Microsoft.Network/networkSecurityGroups/myNetworkSecurityGroup",
                        "attributes": {
                            "id": "/subscriptions/21f3fa11-32e9-4554-947b-16de1f6e1f77/resourceGroups/thesisGroup/providers/Microsoft.Network/networkSecurityGroups/myNetworkSecurityGroup",
                            "location": "northeurope",
                            "name": "myNetworkSecurityGroup",
                            "resource_group_name": "thesisGroup",
                            "security_rule.#": "1",
                            "security_rule.2090309246.access": "Allow",
                            "security_rule.2090309246.description": "",
                            "security_rule.2090309246.destination_address_prefix": "*",
                            "security_rule.2090309246.destination_address_prefixes.#": "0",
                            "security_rule.2090309246.destination_application_security_group_ids.#": "0",
                            "security_rule.2090309246.destination_port_range": "22",
                            "security_rule.2090309246.destination_port_ranges.#": "0",
                            "security_rule.2090309246.direction": "Inbound",
                            "security_rule.2090309246.name": "SSH",
                            "security_rule.2090309246.priority": "1001",
                            "security_rule.2090309246.protocol": "Tcp",
                            "security_rule.2090309246.source_address_prefix": "*",
                            "security_rule.2090309246.source_address_prefixes.#": "0",
                            "security_rule.2090309246.source_application_security_group_ids.#": "0",
                            "security_rule.2090309246.source_port_range": "*",
                            "security_rule.2090309246.source_port_ranges.#": "0",
                            "tags.%": "1",
                            "tags.environment": "Terraform Demo"
                        },
                        "meta": {},
                        "tainted": false
                    },
                    "deposed": [],
                    "provider": "provider.azurerm"
                },
                "azurerm_public_ip.myterraformpublicip": {
                    "type": "azurerm_public_ip",
                    "depends_on": [
                        "data.azurerm_resource_group.resource_group"
                    ],
                    "primary": {
                        "id": "/subscriptions/21f3fa11-32e9-4554-947b-16de1f6e1f77/resourceGroups/thesisGroup/providers/Microsoft.Network/publicIPAddresses/myPublicIP",
                        "attributes": {
                            "allocation_method": "Dynamic",
                            "domain_name_label": "thesisnode",
                            "fqdn": "thesisnode.northeurope.cloudapp.azure.com",
                            "id": "/subscriptions/21f3fa11-32e9-4554-947b-16de1f6e1f77/resourceGroups/thesisGroup/providers/Microsoft.Network/publicIPAddresses/myPublicIP",
                            "idle_timeout_in_minutes": "4",
                            "ip_address": "",
                            "ip_version": "IPv4",
                            "location": "northeurope",
                            "name": "myPublicIP",
                            "public_ip_address_allocation": "Dynamic",
                            "resource_group_name": "thesisGroup",
                            "reverse_fqdn": "",
                            "sku": "Basic",
                            "tags.%": "1",
                            "tags.environment": "Terraform Demo",
                            "zones.#": "0"
                        },
                        "meta": {},
                        "tainted": false
                    },
                    "deposed": [],
                    "provider": "provider.azurerm"
                },
                "azurerm_storage_account.mystorageaccount": {
                    "type": "azurerm_storage_account",
                    "depends_on": [
                        "data.azurerm_resource_group.resource_group",
                        "random_id.randomId"
                    ],
                    "primary": {
                        "id": "/subscriptions/21f3fa11-32e9-4554-947b-16de1f6e1f77/resourceGroups/thesisGroup/providers/Microsoft.Storage/storageAccounts/diag6f332fbd73712b3e",
                        "attributes": {
                            "access_tier": "",
                            "account_encryption_source": "Microsoft.Storage",
                            "account_kind": "Storage",
                            "account_replication_type": "LRS",
                            "account_tier": "Standard",
                            "account_type": "Standard_LRS",
                            "enable_advanced_threat_protection": "false",
                            "enable_blob_encryption": "true",
                            "enable_file_encryption": "true",
                            "enable_https_traffic_only": "false",
                            "id": "/subscriptions/21f3fa11-32e9-4554-947b-16de1f6e1f77/resourceGroups/thesisGroup/providers/Microsoft.Storage/storageAccounts/diag6f332fbd73712b3e",
                            "identity.#": "0",
                            "is_hns_enabled": "false",
                            "location": "northeurope",
                            "name": "diag6f332fbd73712b3e",
                            "network_rules.#": "0",
                            "primary_access_key": "p8ibYtqfAhezRs4j+rrGpEhPIQfAVPzSc8oHtogOxAOyR1OY7r3n0aoyZlxCSTLxDrSc+IWt9nji8H/q54PeCQ==",
                            "primary_blob_connection_string": "DefaultEndpointsProtocol=https;BlobEndpoint=https://diag6f332fbd73712b3e.blob.core.windows.net/;AccountName=diag6f332fbd73712b3e;AccountKey=p8ibYtqfAhezRs4j+rrGpEhPIQfAVPzSc8oHtogOxAOyR1OY7r3n0aoyZlxCSTLxDrSc+IWt9nji8H/q54PeCQ==",
                            "primary_blob_endpoint": "https://diag6f332fbd73712b3e.blob.core.windows.net/",
                            "primary_blob_host": "diag6f332fbd73712b3e.blob.core.windows.net",
                            "primary_connection_string": "DefaultEndpointsProtocol=https;AccountName=diag6f332fbd73712b3e;AccountKey=p8ibYtqfAhezRs4j+rrGpEhPIQfAVPzSc8oHtogOxAOyR1OY7r3n0aoyZlxCSTLxDrSc+IWt9nji8H/q54PeCQ==;EndpointSuffix=core.windows.net",
                            "primary_dfs_endpoint": "",
                            "primary_dfs_host": "",
                            "primary_file_endpoint": "https://diag6f332fbd73712b3e.file.core.windows.net/",
                            "primary_file_host": "diag6f332fbd73712b3e.file.core.windows.net",
                            "primary_location": "northeurope",
                            "primary_queue_endpoint": "https://diag6f332fbd73712b3e.queue.core.windows.net/",
                            "primary_queue_host": "diag6f332fbd73712b3e.queue.core.windows.net",
                            "primary_table_endpoint": "https://diag6f332fbd73712b3e.table.core.windows.net/",
                            "primary_table_host": "diag6f332fbd73712b3e.table.core.windows.net",
                            "primary_web_endpoint": "",
                            "primary_web_host": "",
                            "queue_properties.#": "1",
                            "queue_properties.0.cors_rule.#": "0",
                            "queue_properties.0.hour_metrics.#": "1",
                            "queue_properties.0.hour_metrics.0.enabled": "true",
                            "queue_properties.0.hour_metrics.0.include_apis": "true",
                            "queue_properties.0.hour_metrics.0.retention_policy_days": "7",
                            "queue_properties.0.hour_metrics.0.version": "1.0",
                            "queue_properties.0.logging.#": "1",
                            "queue_properties.0.logging.0.delete": "false",
                            "queue_properties.0.logging.0.read": "false",
                            "queue_properties.0.logging.0.retention_policy_days": "0",
                            "queue_properties.0.logging.0.version": "1.0",
                            "queue_properties.0.logging.0.write": "false",
                            "queue_properties.0.minute_metrics.#": "1",
                            "queue_properties.0.minute_metrics.0.enabled": "false",
                            "queue_properties.0.minute_metrics.0.include_apis": "false",
                            "queue_properties.0.minute_metrics.0.retention_policy_days": "0",
                            "queue_properties.0.minute_metrics.0.version": "1.0",
                            "resource_group_name": "thesisGroup",
                            "secondary_access_key": "/RTFsd04G66oCpxyIZP0Dy1h0Xughql4Mn5EVUCUmhSnQyP4bWYP7LUAz21lOMHcp963zLH7u1l12syaZIrtJQ==",
                            "secondary_blob_connection_string": "",
                            "secondary_connection_string": "DefaultEndpointsProtocol=https;AccountName=diag6f332fbd73712b3e;AccountKey=/RTFsd04G66oCpxyIZP0Dy1h0Xughql4Mn5EVUCUmhSnQyP4bWYP7LUAz21lOMHcp963zLH7u1l12syaZIrtJQ==;EndpointSuffix=core.windows.net",
                            "secondary_location": "",
                            "tags.%": "1",
                            "tags.environment": "Terraform Demo"
                        },
                        "meta": {
                            "schema_version": "2"
                        },
                        "tainted": false
                    },
                    "deposed": [],
                    "provider": "provider.azurerm"
                },
                "azurerm_subnet.myterraformsubnet": {
                    "type": "azurerm_subnet",
                    "depends_on": [
                        "azurerm_virtual_network.myterraformnetwork",
                        "data.azurerm_resource_group.resource_group"
                    ],
                    "primary": {
                        "id": "/subscriptions/21f3fa11-32e9-4554-947b-16de1f6e1f77/resourceGroups/thesisGroup/providers/Microsoft.Network/virtualNetworks/myVnet/subnets/mySubnet",
                        "attributes": {
                            "address_prefix": "10.0.1.0/24",
                            "delegation.#": "0",
                            "id": "/subscriptions/21f3fa11-32e9-4554-947b-16de1f6e1f77/resourceGroups/thesisGroup/providers/Microsoft.Network/virtualNetworks/myVnet/subnets/mySubnet",
                            "ip_configurations.#": "0",
                            "name": "mySubnet",
                            "network_security_group_id": "",
                            "resource_group_name": "thesisGroup",
                            "route_table_id": "",
                            "service_endpoints.#": "0",
                            "virtual_network_name": "myVnet"
                        },
                        "meta": {},
                        "tainted": false
                    },
                    "deposed": [],
                    "provider": "provider.azurerm"
                },
                "azurerm_virtual_machine.myterraformvm": {
                    "type": "azurerm_virtual_machine",
                    "depends_on": [
                        "azurerm_network_interface.myterraformnic",
                        "azurerm_storage_account.mystorageaccount",
                        "data.azurerm_resource_group.resource_group"
                    ],
                    "primary": {
                        "id": "/subscriptions/21f3fa11-32e9-4554-947b-16de1f6e1f77/resourceGroups/thesisGroup/providers/Microsoft.Compute/virtualMachines/myVM",
                        "attributes": {
                            "additional_capabilities.#": "0",
                            "boot_diagnostics.#": "1",
                            "boot_diagnostics.0.enabled": "true",
                            "boot_diagnostics.0.storage_uri": "https://diag6f332fbd73712b3e.blob.core.windows.net/",
                            "delete_data_disks_on_termination": "false",
                            "delete_os_disk_on_termination": "true",
                            "id": "/subscriptions/21f3fa11-32e9-4554-947b-16de1f6e1f77/resourceGroups/thesisGroup/providers/Microsoft.Compute/virtualMachines/myVM",
                            "identity.#": "0",
                            "location": "northeurope",
                            "name": "myVM",
                            "network_interface_ids.#": "1",
                            "network_interface_ids.0": "/subscriptions/21f3fa11-32e9-4554-947b-16de1f6e1f77/resourceGroups/thesisGroup/providers/Microsoft.Network/networkInterfaces/myNIC",
                            "os_profile.#": "1",
                            "os_profile.1770182618.admin_password": "",
                            "os_profile.1770182618.admin_username": "azureuser",
                            "os_profile.1770182618.computer_name": "myvm",
                            "os_profile.1770182618.custom_data": "",
                            "os_profile_linux_config.#": "1",
                            "os_profile_linux_config.69840937.disable_password_authentication": "true",
                            "os_profile_linux_config.69840937.ssh_keys.#": "1",
                            "os_profile_linux_config.69840937.ssh_keys.0.key_data": "ssh-rsa AAAAB3NzaC1yc2EAAAABJQAAAQEAgXBfFArZjcOiDZy25jG/f0By3NgDZAWBdBSZUtXGIARrWHahCGVe8au1rJj5acADmphucTkqXKZq+s6PGGjOSs1V/wXtcVaO/ZdWq8x56qSRBGhoKh879OHKFybsO9R/PfYncOWNeV6Gz+qxGwfHE0CJtvNM7fFQxAQZiAMR8zIwlYH2gdsakpQjJlppYGmeAr+0zgQNfwWwxRqdRUpQEddknbgw3UI8FHxQIXztpyDTk7ySx4KqQVX2q8bZp8xXnm+Dgnm/TZHtMGOHdXxgX314o9UzfSPJkwZcu+Xynr5vRBPyyBOB7cbYfv5CHC9wki75IWa/CVVvuVUIGE+opw==",
                            "os_profile_linux_config.69840937.ssh_keys.0.path": "/home/azureuser/.ssh/authorized_keys",
                            "os_profile_secrets.#": "0",
                            "os_profile_windows_config.#": "0",
                            "plan.#": "0",
                            "resource_group_name": "thesisGroup",
                            "storage_data_disk.#": "0",
                            "storage_image_reference.#": "1",
                            "storage_image_reference.363552096.id": "",
                            "storage_image_reference.363552096.offer": "UbuntuServer",
                            "storage_image_reference.363552096.publisher": "Canonical",
                            "storage_image_reference.363552096.sku": "16.04.0-LTS",
                            "storage_image_reference.363552096.version": "latest",
                            "storage_os_disk.#": "1",
                            "storage_os_disk.0.caching": "ReadWrite",
                            "storage_os_disk.0.create_option": "FromImage",
                            "storage_os_disk.0.disk_size_gb": "30",
                            "storage_os_disk.0.image_uri": "",
                            "storage_os_disk.0.managed_disk_id": "/subscriptions/21f3fa11-32e9-4554-947b-16de1f6e1f77/resourceGroups/thesisGroup/providers/Microsoft.Compute/disks/myOsDisk",
                            "storage_os_disk.0.managed_disk_type": "Premium_LRS",
                            "storage_os_disk.0.name": "myOsDisk",
                            "storage_os_disk.0.os_type": "Linux",
                            "storage_os_disk.0.vhd_uri": "",
                            "storage_os_disk.0.write_accelerator_enabled": "false",
                            "tags.%": "1",
                            "tags.environment": "Terraform Demo",
                            "vm_size": "Standard_DS1_v2",
                            "zones.#": "0"
                        },
                        "meta": {},
                        "tainted": false
                    },
                    "deposed": [],
                    "provider": "provider.azurerm"
                },
                "azurerm_virtual_network.myterraformnetwork": {
                    "type": "azurerm_virtual_network",
                    "depends_on": [
                        "data.azurerm_resource_group.resource_group"
                    ],
                    "primary": {
                        "id": "/subscriptions/21f3fa11-32e9-4554-947b-16de1f6e1f77/resourceGroups/thesisGroup/providers/Microsoft.Network/virtualNetworks/myVnet",
                        "attributes": {
                            "address_space.#": "1",
                            "address_space.0": "10.0.0.0/16",
                            "ddos_protection_plan.#": "0",
                            "dns_servers.#": "0",
                            "id": "/subscriptions/21f3fa11-32e9-4554-947b-16de1f6e1f77/resourceGroups/thesisGroup/providers/Microsoft.Network/virtualNetworks/myVnet",
                            "location": "northeurope",
                            "name": "myVnet",
                            "resource_group_name": "thesisGroup",
                            "subnet.#": "0",
                            "tags.%": "1",
                            "tags.environment": "Terraform Demo"
                        },
                        "meta": {},
                        "tainted": false
                    },
                    "deposed": [],
                    "provider": "provider.azurerm"
                },
                "data.azurerm_resource_group.resource_group": {
                    "type": "azurerm_resource_group",
                    "depends_on": [],
                    "primary": {
                        "id": "/subscriptions/21f3fa11-32e9-4554-947b-16de1f6e1f77/resourceGroups/thesisGroup",
                        "attributes": {
                            "id": "/subscriptions/21f3fa11-32e9-4554-947b-16de1f6e1f77/resourceGroups/thesisGroup",
                            "location": "northeurope",
                            "name": "thesisGroup",
                            "tags.%": "0"
                        },
                        "meta": {},
                        "tainted": false
                    },
                    "deposed": [],
                    "provider": "provider.azurerm"
                },
                "random_id.randomId": {
                    "type": "random_id",
                    "depends_on": [
                        "data.azurerm_resource_group.resource_group"
                    ],
                    "primary": {
                        "id": "bzMvvXNxKz4",
                        "attributes": {
                            "b64": "bzMvvXNxKz4",
                            "b64_std": "bzMvvXNxKz4=",
                            "b64_url": "bzMvvXNxKz4",
                            "byte_length": "8",
                            "dec": "8012800652754365246",
                            "hex": "6f332fbd73712b3e",
                            "id": "bzMvvXNxKz4",
                            "keepers.%": "1",
                            "keepers.resource_group": "thesisGroup"
                        },
                        "meta": {},
                        "tainted": false
                    },
                    "deposed": [],
                    "provider": "provider.random"
                }
            },
            "depends_on": []
        }
    ]
}
