{
    "version": 3,
    "terraform_version": "0.11.11",
    "serial": 98,
    "lineage": "5b46d654-337d-bc4e-313e-cf99562953cd",
    "modules": [
        {
            "path": [
                "root"
            ],
            "outputs": {},
            "resources": {
                "aws_instance.web": {
                    "type": "aws_instance",
                    "depends_on": [
                        "data.aws_ami.amazon_linux",
                        "local.instance-userdata"
                    ],
                    "primary": {
                        "id": "i-04051af8258b32a06",
                        "attributes": {
                            "ami": "ami-028188d9b49b32a80",
                            "arn": "arn:aws:ec2:eu-west-1:740180045346:instance/i-04051af8258b32a06",
                            "associate_public_ip_address": "true",
                            "availability_zone": "eu-west-1c",
                            "cpu_core_count": "1",
                            "cpu_threads_per_core": "1",
                            "credit_specification.#": "1",
                            "credit_specification.0.cpu_credits": "standard",
                            "disable_api_termination": "false",
                            "ebs_block_device.#": "0",
                            "ebs_optimized": "false",
                            "ephemeral_block_device.#": "0",
                            "get_password_data": "false",
                            "iam_instance_profile": "",
                            "id": "i-04051af8258b32a06",
                            "instance_state": "running",
                            "instance_type": "t2.micro",
                            "ipv6_address_count": "0",
                            "ipv6_addresses.#": "0",
                            "key_name": "awsthesis",
                            "monitoring": "false",
                            "network_interface.#": "0",
                            "password_data": "",
                            "placement_group": "",
                            "primary_network_interface_id": "eni-0b8e96849a7074ea7",
                            "private_dns": "ip-172-31-21-107.eu-west-1.compute.internal",
                            "private_ip": "172.31.21.107",
                            "public_dns": "ec2-54-229-77-205.eu-west-1.compute.amazonaws.com",
                            "public_ip": "54.229.77.205",
                            "root_block_device.#": "1",
                            "root_block_device.0.delete_on_termination": "true",
                            "root_block_device.0.encrypted": "false",
                            "root_block_device.0.iops": "100",
                            "root_block_device.0.kms_key_id": "",
                            "root_block_device.0.volume_id": "vol-010451c0600ade89d",
                            "root_block_device.0.volume_size": "8",
                            "root_block_device.0.volume_type": "gp2",
                            "security_groups.#": "1",
                            "security_groups.3814588639": "default",
                            "source_dest_check": "true",
                            "subnet_id": "subnet-fd7b39b5",
                            "tags.%": "1",
                            "tags.Name": "ConfigMaster",
                            "tenancy": "default",
                            "user_data_base64": "ICAjISAvYmluL2Jhc2gKICBkYXRlID4+IHByb3Zpc2lvbmVkQXQudHh0CiAgc3VkbyB5dW0tY29uZmlnLW1hbmFnZXIgLS1lbmFibGUgZXBlbCA+IG91dHB1dC5sb2cgMj4mMQogIHNsZWVwIDIwCiAgc3VkbyB5dW0gLXkgaW5zdGFsbCBhbnNpYmxlID5vdXRwdXQubG9nIDI+JjEKICBzdWRvIHNlZCAtaSAnL2NhbGxiYWNrX3doaXRlbGlzdC9jXGNhbGxiYWNrX3doaXRlbGlzdCA9IHByb2ZpbGVfdGFza3MnIC9ldGMvYW5zaWJsZS9hbnNpYmxlLmNmZwogIGxzIC90bXAgPj4gZGlkS2V5QXJyaXZlLnR4dAogIGVjaG8gJyMgQ2hlY2sgaWYgdGhlIHNzaC1hZ2VudCBpcyBhbHJlYWR5IHJ1bm5pbmcnID4+IC9ob21lL2VjMi11c2VyLy5iYXNocmMKICBlY2hvICdpZiBbWyAiJChwcyAtdSAkVVNFUiB8IGdyZXAgc3NoLWFnZW50IHwgd2MgLWwpIiAtbHQgIjEiIF1dOyB0aGVuJyA+PiAvaG9tZS9lYzItdXNlci8uYmFzaHJjCiAgZWNobyAnICAgICNlY2hvICIkKGRhdGUgKyVGQCVUKSAtIFNTSC1BR0VOVDogQWdlbnQgd2lsbCBiZSBzdGFydGVkIicgPj4gL2hvbWUvZWMyLXVzZXIvLmJhc2hyYwogIGVjaG8gJyAgIyBTdGFydCB0aGUgc3NoLWFnZW50IGFuZCByZWRpcmVjdCB0aGUgZW52aXJvbm1lbnQgdmFyaWFibGVzIGludG8gYSBmaWxlJyA+PiAvaG9tZS9lYzItdXNlci8uYmFzaHJjCiAgZWNobyAnICAgIHNzaC1hZ2VudCAtcyA+fi8uc3NoL3NzaC1hZ2VudCcgPj4gL2hvbWUvZWMyLXVzZXIvLmJhc2hyYwogIGVjaG8gJyAgICAjIExvYWQgdGhlIGVudmlyb25tZW50IHZhcmlhYmxlcyBmcm9tIHRoZSBmaWxlJyA+PiAvaG9tZS9lYzItdXNlci8uYmFzaHJjCiAgZWNobyAnICAgIC4gfi8uc3NoL3NzaC1hZ2VudCA+L2Rldi9udWxsJyA+PiAvaG9tZS9lYzItdXNlci8uYmFzaHJjCiAgZWNobyAnICAgICMgQWRkIHRoZSBkZWZhdWx0IGtleSB0byB0aGUgc3NoLWFnZW50JyA+PiAvaG9tZS9lYzItdXNlci8uYmFzaHJjCiAgZWNobyAnICAgIGNobW9kIDQwMCAvdG1wL2F3c3RoZXNpcy5wZW0nID4+IC9ob21lL2VjMi11c2VyLy5iYXNocmMKICBlY2hvICcgICAgc3NoLWFkZCAvdG1wL2F3c3RoZXNpcy5wZW0nID4+IC9ob21lL2VjMi11c2VyLy5iYXNocmMKICBlY2hvICdlbHNlJyA+PiAvaG9tZS9lYzItdXNlci8uYmFzaHJjCiAgZWNobyAnICAgICNlY2hvICIkKGRhdGUgKyVGQCVUKSAtIFNTSC1BR0VOVDogQWdlbnQgYWxyZWFkeSBydW5uaW5nIicgPj4gL2hvbWUvZWMyLXVzZXIvLmJhc2hyYwogIGVjaG8gJyAgICAuIH4vLnNzaC9zc2gtYWdlbnQgPi9kZXYvbnVsbCcgPj4gL2hvbWUvZWMyLXVzZXIvLmJhc2hyYwogIGVjaG8gJ2ZpJyA+PiAvaG9tZS9lYzItdXNlci8uYmFzaHJjCiAg",
                            "volume_tags.%": "0",
                            "vpc_security_group_ids.#": "1",
                            "vpc_security_group_ids.1029569087": "sg-d325e4a6"
                        },
                        "meta": {
                            "e2bfb730-ecaa-11e6-8f88-34363bc7c4c0": {
                                "create": 600000000000,
                                "delete": 1200000000000,
                                "update": 600000000000
                            },
                            "schema_version": "1"
                        },
                        "tainted": false
                    },
                    "deposed": [],
                    "provider": "provider.aws"
                },
                "data.aws_ami.amazon_linux": {
                    "type": "aws_ami",
                    "depends_on": [],
                    "primary": {
                        "id": "ami-028188d9b49b32a80",
                        "attributes": {
                            "architecture": "x86_64",
                            "block_device_mappings.#": "1",
                            "block_device_mappings.340275815.device_name": "/dev/xvda",
                            "block_device_mappings.340275815.ebs.%": "6",
                            "block_device_mappings.340275815.ebs.delete_on_termination": "true",
                            "block_device_mappings.340275815.ebs.encrypted": "false",
                            "block_device_mappings.340275815.ebs.iops": "0",
                            "block_device_mappings.340275815.ebs.snapshot_id": "snap-05c4bb84f3ffc33d0",
                            "block_device_mappings.340275815.ebs.volume_size": "8",
                            "block_device_mappings.340275815.ebs.volume_type": "gp2",
                            "block_device_mappings.340275815.no_device": "",
                            "block_device_mappings.340275815.virtual_name": "",
                            "creation_date": "2019-08-26T20:12:17.000Z",
                            "description": "Amazon Linux AMI 2018.03.0.20190826 x86_64 HVM gp2",
                            "filter.#": "1",
                            "filter.3169420402.name": "name",
                            "filter.3169420402.values.#": "1",
                            "filter.3169420402.values.0": "amzn-ami-hvm-*-x86_64-gp2",
                            "hypervisor": "xen",
                            "id": "ami-028188d9b49b32a80",
                            "image_id": "ami-028188d9b49b32a80",
                            "image_location": "amazon/amzn-ami-hvm-2018.03.0.20190826-x86_64-gp2",
                            "image_owner_alias": "amazon",
                            "image_type": "machine",
                            "most_recent": "true",
                            "name": "amzn-ami-hvm-2018.03.0.20190826-x86_64-gp2",
                            "owner_id": "137112412989",
                            "owners.#": "1",
                            "owners.0": "amazon",
                            "product_codes.#": "0",
                            "public": "true",
                            "root_device_name": "/dev/xvda",
                            "root_device_type": "ebs",
                            "root_snapshot_id": "snap-05c4bb84f3ffc33d0",
                            "sriov_net_support": "simple",
                            "state": "available",
                            "state_reason.%": "2",
                            "state_reason.code": "UNSET",
                            "state_reason.message": "UNSET",
                            "tags.%": "0",
                            "virtualization_type": "hvm"
                        },
                        "meta": {},
                        "tainted": false
                    },
                    "deposed": [],
                    "provider": "provider.aws"
                }
            },
            "depends_on": []
        }
    ]
}
